
Microsoft Visual Studio Solution File, Format Version 12.00
# Visual Studio Version 16
VisualStudioVersion = 16.0.29613.14
MinimumVisualStudioVersion = 10.0.40219.1
Project("{FAE04EC0-301F-11D3-BF4B-00C04F79EFBC}") = "BinomialTreap", "BinomialTreap.csproj", "{B0F4FE6A-3100-4133-85E6-F42DD1535946}"
EndProject
Global
	GlobalSection(SolutionConfigurationPlatforms) = preSolution
		Debug|Any CPU = Debug|Any CPU
		Release|Any CPU = Release|Any CPU
	EndGlobalSection
	GlobalSection(ProjectConfigurationPlatforms) = postSolution
		{B0F4FE6A-3100-4133-85E6-F42DD1535946}.Debug|Any CPU.ActiveCfg = Debug|Any CPU
		{B0F4FE6A-3100-4133-85E6-F42DD1535946}.Debug|Any CPU.Build.0 = Debug|Any CPU
		{B0F4FE6A-3100-4133-85E6-F42DD1535946}.Release|Any CPU.ActiveCfg = Release|Any CPU
		{B0F4FE6A-3100-4133-85E6-F42DD1535946}.Release|Any CPU.Build.0 = Release|Any CPU
	EndGlobalSection
	GlobalSection(SolutionProperties) = preSolution
		HideSolutionNode = FALSE
	EndGlobalSection
	GlobalSection(ExtensibilityGlobals) = postSolution
		SolutionGuid = {9636DF09-CE80-456C-BB2D-A657C8D91560}
	EndGlobalSection
EndGlobal
